
Microsoft Visual Studio Solution File, Format Version 12.00
# Visual Studio Version 17
VisualStudioVersion = 17.4.33205.214
MinimumVisualStudioVersion = 10.0.40219.1
Project("{8BC9CEB8-8B4A-11D0-8D11-00A0C91BC942}") = "401_Binary_Watch", "401_Binary_Watch\401_Binary_Watch.vcxproj", "{1ED2E25E-4C59-4347-A25F-CF3004A1CE14}"
EndProject
Project("{8BC9CEB8-8B4A-11D0-8D11-00A0C91BC942}") = "402_Remove_K_Digits", "402_Remove_K_Digits\402_Remove_K_Digits.vcxproj", "{EC902643-E268-4143-9397-D3B948C31853}"
EndProject
Project("{8BC9CEB8-8B4A-11D0-8D11-00A0C91BC942}") = "404_Sum_of_Left_Leaves", "404_Sum_of_Left_Leaves\404_Sum_of_Left_Leaves.vcxproj", "{8FDF79E6-1B8F-4782-9AB7-5AB447D4E1EA}"
EndProject
Project("{8BC9CEB8-8B4A-11D0-8D11-00A0C91BC942}") = "405_Decimal_to_Hexa", "405_Decimal_to_Hexa\405_Decimal_to_Hexa.vcxproj", "{89D7BCCD-25FA-499A-B493-D7050095B49A}"
EndProject
Project("{8BC9CEB8-8B4A-11D0-8D11-00A0C91BC942}") = "406_Queue_rebuilt_by_Height", "406_Queue_rebuilt_by_Height\406_Queue_rebuilt_by_Height.vcxproj", "{340E2AEB-757E-43D4-B64E-CBF9C2C4D0DD}"
EndProject
Project("{8BC9CEB8-8B4A-11D0-8D11-00A0C91BC942}") = "409_Longest_Palindrome", "409_Longest_Palindrome\409_Longest_Palindrome.vcxproj", "{12118C00-87E5-4541-8C98-75CFA4C961D3}"
EndProject
Project("{8BC9CEB8-8B4A-11D0-8D11-00A0C91BC942}") = "412_Fizz_Buzz", "412_Fizz_Buzz\412_Fizz_Buzz.vcxproj", "{197040EE-3DE7-4A99-9D2A-FE5545381A9B}"
EndProject
Project("{8BC9CEB8-8B4A-11D0-8D11-00A0C91BC942}") = "413_Arithmetic_Slices", "413_Arithmetic_Slices\413_Arithmetic_Slices.vcxproj", "{79F767A9-8792-40FB-91AC-1BABDE4DD78C}"
EndProject
Project("{8BC9CEB8-8B4A-11D0-8D11-00A0C91BC942}") = "414_3rd_Max_Number", "414_3rd_Max_Number\414_3rd_Max_Number.vcxproj", "{68EAF49C-17A9-4BA2-BEB4-C2D4EAE7EE8E}"
EndProject
Project("{8BC9CEB8-8B4A-11D0-8D11-00A0C91BC942}") = "415_Add_Strings", "415_Add_Strings\415_Add_Strings.vcxproj", "{9B24F8B4-69F8-46EE-B5D6-137CA8069F90}"
EndProject
Project("{8BC9CEB8-8B4A-11D0-8D11-00A0C91BC942}") = "416_Part_Equal_Sub_Sum", "416_Part_Equal_Sub_Sum\416_Part_Equal_Sub_Sum.vcxproj", "{E028BF3D-164F-4823-84EF-8347416975DE}"
EndProject
Project("{8BC9CEB8-8B4A-11D0-8D11-00A0C91BC942}") = "417_Water_Flow", "417_Water_Flow\417_Water_Flow.vcxproj", "{87E2EFCE-4707-425D-91EB-4997F8C2BD45}"
EndProject
Project("{8BC9CEB8-8B4A-11D0-8D11-00A0C91BC942}") = "419_Battleships", "419_Battleships\419_Battleships.vcxproj", "{EEB1F45B-8EC0-4B2F-B03F-38E11D3BD203}"
EndProject
Project("{8BC9CEB8-8B4A-11D0-8D11-00A0C91BC942}") = "421_Max_XOR_In_Array", "421_Max_XOR_In_Array\421_Max_XOR_In_Array.vcxproj", "{EE9F3CD7-A345-444A-AF7F-471AB65DCC6A}"
EndProject
Global
	GlobalSection(SolutionConfigurationPlatforms) = preSolution
		Debug|x64 = Debug|x64
		Debug|x86 = Debug|x86
		Release|x64 = Release|x64
		Release|x86 = Release|x86
	EndGlobalSection
	GlobalSection(ProjectConfigurationPlatforms) = postSolution
		{1ED2E25E-4C59-4347-A25F-CF3004A1CE14}.Debug|x64.ActiveCfg = Debug|x64
		{1ED2E25E-4C59-4347-A25F-CF3004A1CE14}.Debug|x64.Build.0 = Debug|x64
		{1ED2E25E-4C59-4347-A25F-CF3004A1CE14}.Debug|x86.ActiveCfg = Debug|Win32
		{1ED2E25E-4C59-4347-A25F-CF3004A1CE14}.Debug|x86.Build.0 = Debug|Win32
		{1ED2E25E-4C59-4347-A25F-CF3004A1CE14}.Release|x64.ActiveCfg = Release|x64
		{1ED2E25E-4C59-4347-A25F-CF3004A1CE14}.Release|x64.Build.0 = Release|x64
		{1ED2E25E-4C59-4347-A25F-CF3004A1CE14}.Release|x86.ActiveCfg = Release|Win32
		{1ED2E25E-4C59-4347-A25F-CF3004A1CE14}.Release|x86.Build.0 = Release|Win32
		{EC902643-E268-4143-9397-D3B948C31853}.Debug|x64.ActiveCfg = Debug|x64
		{EC902643-E268-4143-9397-D3B948C31853}.Debug|x64.Build.0 = Debug|x64
		{EC902643-E268-4143-9397-D3B948C31853}.Debug|x86.ActiveCfg = Debug|Win32
		{EC902643-E268-4143-9397-D3B948C31853}.Debug|x86.Build.0 = Debug|Win32
		{EC902643-E268-4143-9397-D3B948C31853}.Release|x64.ActiveCfg = Release|x64
		{EC902643-E268-4143-9397-D3B948C31853}.Release|x64.Build.0 = Release|x64
		{EC902643-E268-4143-9397-D3B948C31853}.Release|x86.ActiveCfg = Release|Win32
		{EC902643-E268-4143-9397-D3B948C31853}.Release|x86.Build.0 = Release|Win32
		{8FDF79E6-1B8F-4782-9AB7-5AB447D4E1EA}.Debug|x64.ActiveCfg = Debug|x64
		{8FDF79E6-1B8F-4782-9AB7-5AB447D4E1EA}.Debug|x64.Build.0 = Debug|x64
		{8FDF79E6-1B8F-4782-9AB7-5AB447D4E1EA}.Debug|x86.ActiveCfg = Debug|Win32
		{8FDF79E6-1B8F-4782-9AB7-5AB447D4E1EA}.Debug|x86.Build.0 = Debug|Win32
		{8FDF79E6-1B8F-4782-9AB7-5AB447D4E1EA}.Release|x64.ActiveCfg = Release|x64
		{8FDF79E6-1B8F-4782-9AB7-5AB447D4E1EA}.Release|x64.Build.0 = Release|x64
		{8FDF79E6-1B8F-4782-9AB7-5AB447D4E1EA}.Release|x86.ActiveCfg = Release|Win32
		{8FDF79E6-1B8F-4782-9AB7-5AB447D4E1EA}.Release|x86.Build.0 = Release|Win32
		{89D7BCCD-25FA-499A-B493-D7050095B49A}.Debug|x64.ActiveCfg = Debug|x64
		{89D7BCCD-25FA-499A-B493-D7050095B49A}.Debug|x64.Build.0 = Debug|x64
		{89D7BCCD-25FA-499A-B493-D7050095B49A}.Debug|x86.ActiveCfg = Debug|Win32
		{89D7BCCD-25FA-499A-B493-D7050095B49A}.Debug|x86.Build.0 = Debug|Win32
		{89D7BCCD-25FA-499A-B493-D7050095B49A}.Release|x64.ActiveCfg = Release|x64
		{89D7BCCD-25FA-499A-B493-D7050095B49A}.Release|x64.Build.0 = Release|x64
		{89D7BCCD-25FA-499A-B493-D7050095B49A}.Release|x86.ActiveCfg = Release|Win32
		{89D7BCCD-25FA-499A-B493-D7050095B49A}.Release|x86.Build.0 = Release|Win32
		{340E2AEB-757E-43D4-B64E-CBF9C2C4D0DD}.Debug|x64.ActiveCfg = Debug|x64
		{340E2AEB-757E-43D4-B64E-CBF9C2C4D0DD}.Debug|x64.Build.0 = Debug|x64
		{340E2AEB-757E-43D4-B64E-CBF9C2C4D0DD}.Debug|x86.ActiveCfg = Debug|Win32
		{340E2AEB-757E-43D4-B64E-CBF9C2C4D0DD}.Debug|x86.Build.0 = Debug|Win32
		{340E2AEB-757E-43D4-B64E-CBF9C2C4D0DD}.Release|x64.ActiveCfg = Release|x64
		{340E2AEB-757E-43D4-B64E-CBF9C2C4D0DD}.Release|x64.Build.0 = Release|x64
		{340E2AEB-757E-43D4-B64E-CBF9C2C4D0DD}.Release|x86.ActiveCfg = Release|Win32
		{340E2AEB-757E-43D4-B64E-CBF9C2C4D0DD}.Release|x86.Build.0 = Release|Win32
		{12118C00-87E5-4541-8C98-75CFA4C961D3}.Debug|x64.ActiveCfg = Debug|x64
		{12118C00-87E5-4541-8C98-75CFA4C961D3}.Debug|x64.Build.0 = Debug|x64
		{12118C00-87E5-4541-8C98-75CFA4C961D3}.Debug|x86.ActiveCfg = Debug|Win32
		{12118C00-87E5-4541-8C98-75CFA4C961D3}.Debug|x86.Build.0 = Debug|Win32
		{12118C00-87E5-4541-8C98-75CFA4C961D3}.Release|x64.ActiveCfg = Release|x64
		{12118C00-87E5-4541-8C98-75CFA4C961D3}.Release|x64.Build.0 = Release|x64
		{12118C00-87E5-4541-8C98-75CFA4C961D3}.Release|x86.ActiveCfg = Release|Win32
		{12118C00-87E5-4541-8C98-75CFA4C961D3}.Release|x86.Build.0 = Release|Win32
		{197040EE-3DE7-4A99-9D2A-FE5545381A9B}.Debug|x64.ActiveCfg = Debug|x64
		{197040EE-3DE7-4A99-9D2A-FE5545381A9B}.Debug|x64.Build.0 = Debug|x64
		{197040EE-3DE7-4A99-9D2A-FE5545381A9B}.Debug|x86.ActiveCfg = Debug|Win32
		{197040EE-3DE7-4A99-9D2A-FE5545381A9B}.Debug|x86.Build.0 = Debug|Win32
		{197040EE-3DE7-4A99-9D2A-FE5545381A9B}.Release|x64.ActiveCfg = Release|x64
		{197040EE-3DE7-4A99-9D2A-FE5545381A9B}.Release|x64.Build.0 = Release|x64
		{197040EE-3DE7-4A99-9D2A-FE5545381A9B}.Release|x86.ActiveCfg = Release|Win32
		{197040EE-3DE7-4A99-9D2A-FE5545381A9B}.Release|x86.Build.0 = Release|Win32
		{79F767A9-8792-40FB-91AC-1BABDE4DD78C}.Debug|x64.ActiveCfg = Debug|x64
		{79F767A9-8792-40FB-91AC-1BABDE4DD78C}.Debug|x64.Build.0 = Debug|x64
		{79F767A9-8792-40FB-91AC-1BABDE4DD78C}.Debug|x86.ActiveCfg = Debug|Win32
		{79F767A9-8792-40FB-91AC-1BABDE4DD78C}.Debug|x86.Build.0 = Debug|Win32
		{79F767A9-8792-40FB-91AC-1BABDE4DD78C}.Release|x64.ActiveCfg = Release|x64
		{79F767A9-8792-40FB-91AC-1BABDE4DD78C}.Release|x64.Build.0 = Release|x64
		{79F767A9-8792-40FB-91AC-1BABDE4DD78C}.Release|x86.ActiveCfg = Release|Win32
		{79F767A9-8792-40FB-91AC-1BABDE4DD78C}.Release|x86.Build.0 = Release|Win32
		{68EAF49C-17A9-4BA2-BEB4-C2D4EAE7EE8E}.Debug|x64.ActiveCfg = Debug|x64
		{68EAF49C-17A9-4BA2-BEB4-C2D4EAE7EE8E}.Debug|x64.Build.0 = Debug|x64
		{68EAF49C-17A9-4BA2-BEB4-C2D4EAE7EE8E}.Debug|x86.ActiveCfg = Debug|Win32
		{68EAF49C-17A9-4BA2-BEB4-C2D4EAE7EE8E}.Debug|x86.Build.0 = Debug|Win32
		{68EAF49C-17A9-4BA2-BEB4-C2D4EAE7EE8E}.Release|x64.ActiveCfg = Release|x64
		{68EAF49C-17A9-4BA2-BEB4-C2D4EAE7EE8E}.Release|x64.Build.0 = Release|x64
		{68EAF49C-17A9-4BA2-BEB4-C2D4EAE7EE8E}.Release|x86.ActiveCfg = Release|Win32
		{68EAF49C-17A9-4BA2-BEB4-C2D4EAE7EE8E}.Release|x86.Build.0 = Release|Win32
		{9B24F8B4-69F8-46EE-B5D6-137CA8069F90}.Debug|x64.ActiveCfg = Debug|x64
		{9B24F8B4-69F8-46EE-B5D6-137CA8069F90}.Debug|x64.Build.0 = Debug|x64
		{9B24F8B4-69F8-46EE-B5D6-137CA8069F90}.Debug|x86.ActiveCfg = Debug|Win32
		{9B24F8B4-69F8-46EE-B5D6-137CA8069F90}.Debug|x86.Build.0 = Debug|Win32
		{9B24F8B4-69F8-46EE-B5D6-137CA8069F90}.Release|x64.ActiveCfg = Release|x64
		{9B24F8B4-69F8-46EE-B5D6-137CA8069F90}.Release|x64.Build.0 = Release|x64
		{9B24F8B4-69F8-46EE-B5D6-137CA8069F90}.Release|x86.ActiveCfg = Release|Win32
		{9B24F8B4-69F8-46EE-B5D6-137CA8069F90}.Release|x86.Build.0 = Release|Win32
		{E028BF3D-164F-4823-84EF-8347416975DE}.Debug|x64.ActiveCfg = Debug|x64
		{E028BF3D-164F-4823-84EF-8347416975DE}.Debug|x64.Build.0 = Debug|x64
		{E028BF3D-164F-4823-84EF-8347416975DE}.Debug|x86.ActiveCfg = Debug|Win32
		{E028BF3D-164F-4823-84EF-8347416975DE}.Debug|x86.Build.0 = Debug|Win32
		{E028BF3D-164F-4823-84EF-8347416975DE}.Release|x64.ActiveCfg = Release|x64
		{E028BF3D-164F-4823-84EF-8347416975DE}.Release|x64.Build.0 = Release|x64
		{E028BF3D-164F-4823-84EF-8347416975DE}.Release|x86.ActiveCfg = Release|Win32
		{E028BF3D-164F-4823-84EF-8347416975DE}.Release|x86.Build.0 = Release|Win32
		{87E2EFCE-4707-425D-91EB-4997F8C2BD45}.Debug|x64.ActiveCfg = Debug|x64
		{87E2EFCE-4707-425D-91EB-4997F8C2BD45}.Debug|x64.Build.0 = Debug|x64
		{87E2EFCE-4707-425D-91EB-4997F8C2BD45}.Debug|x86.ActiveCfg = Debug|Win32
		{87E2EFCE-4707-425D-91EB-4997F8C2BD45}.Debug|x86.Build.0 = Debug|Win32
		{87E2EFCE-4707-425D-91EB-4997F8C2BD45}.Release|x64.ActiveCfg = Release|x64
		{87E2EFCE-4707-425D-91EB-4997F8C2BD45}.Release|x64.Build.0 = Release|x64
		{87E2EFCE-4707-425D-91EB-4997F8C2BD45}.Release|x86.ActiveCfg = Release|Win32
		{87E2EFCE-4707-425D-91EB-4997F8C2BD45}.Release|x86.Build.0 = Release|Win32
		{EEB1F45B-8EC0-4B2F-B03F-38E11D3BD203}.Debug|x64.ActiveCfg = Debug|x64
		{EEB1F45B-8EC0-4B2F-B03F-38E11D3BD203}.Debug|x64.Build.0 = Debug|x64
		{EEB1F45B-8EC0-4B2F-B03F-38E11D3BD203}.Debug|x86.ActiveCfg = Debug|Win32
		{EEB1F45B-8EC0-4B2F-B03F-38E11D3BD203}.Debug|x86.Build.0 = Debug|Win32
		{EEB1F45B-8EC0-4B2F-B03F-38E11D3BD203}.Release|x64.ActiveCfg = Release|x64
		{EEB1F45B-8EC0-4B2F-B03F-38E11D3BD203}.Release|x64.Build.0 = Release|x64
		{EEB1F45B-8EC0-4B2F-B03F-38E11D3BD203}.Release|x86.ActiveCfg = Release|Win32
		{EEB1F45B-8EC0-4B2F-B03F-38E11D3BD203}.Release|x86.Build.0 = Release|Win32
		{EE9F3CD7-A345-444A-AF7F-471AB65DCC6A}.Debug|x64.ActiveCfg = Debug|x64
		{EE9F3CD7-A345-444A-AF7F-471AB65DCC6A}.Debug|x64.Build.0 = Debug|x64
		{EE9F3CD7-A345-444A-AF7F-471AB65DCC6A}.Debug|x86.ActiveCfg = Debug|Win32
		{EE9F3CD7-A345-444A-AF7F-471AB65DCC6A}.Debug|x86.Build.0 = Debug|Win32
		{EE9F3CD7-A345-444A-AF7F-471AB65DCC6A}.Release|x64.ActiveCfg = Release|x64
		{EE9F3CD7-A345-444A-AF7F-471AB65DCC6A}.Release|x64.Build.0 = Release|x64
		{EE9F3CD7-A345-444A-AF7F-471AB65DCC6A}.Release|x86.ActiveCfg = Release|Win32
		{EE9F3CD7-A345-444A-AF7F-471AB65DCC6A}.Release|x86.Build.0 = Release|Win32
	EndGlobalSection
	GlobalSection(SolutionProperties) = preSolution
		HideSolutionNode = FALSE
	EndGlobalSection
	GlobalSection(ExtensibilityGlobals) = postSolution
		SolutionGuid = {7C08D76E-F688-4E15-B659-B8415F943388}
	EndGlobalSection
EndGlobal
