
Microsoft Visual Studio Solution File, Format Version 12.00
# Visual Studio Version 17
VisualStudioVersion = 17.4.33205.214
MinimumVisualStudioVersion = 10.0.40219.1
Project("{8BC9CEB8-8B4A-11D0-8D11-00A0C91BC942}") = "401_Binary_Watch", "401_Binary_Watch\401_Binary_Watch.vcxproj", "{1ED2E25E-4C59-4347-A25F-CF3004A1CE14}"
EndProject
Project("{8BC9CEB8-8B4A-11D0-8D11-00A0C91BC942}") = "402_Remove_K_Digits", "402_Remove_K_Digits\402_Remove_K_Digits.vcxproj", "{EC902643-E268-4143-9397-D3B948C31853}"
EndProject
Project("{8BC9CEB8-8B4A-11D0-8D11-00A0C91BC942}") = "404_Sum_of_Left_Leaves", "404_Sum_of_Left_Leaves\404_Sum_of_Left_Leaves.vcxproj", "{8FDF79E6-1B8F-4782-9AB7-5AB447D4E1EA}"
EndProject
Project("{8BC9CEB8-8B4A-11D0-8D11-00A0C91BC942}") = "405_Decimal_to_Hexa", "405_Decimal_to_Hexa\405_Decimal_to_Hexa.vcxproj", "{89D7BCCD-25FA-499A-B493-D7050095B49A}"
EndProject
Project("{8BC9CEB8-8B4A-11D0-8D11-00A0C91BC942}") = "406_Queue_rebuilt_by_Height", "406_Queue_rebuilt_by_Height\406_Queue_rebuilt_by_Height.vcxproj", "{340E2AEB-757E-43D4-B64E-CBF9C2C4D0DD}"
EndProject
Project("{8BC9CEB8-8B4A-11D0-8D11-00A0C91BC942}") = "409_Longest_Palindrome", "409_Longest_Palindrome\409_Longest_Palindrome.vcxproj", "{12118C00-87E5-4541-8C98-75CFA4C961D3}"
EndProject
Global
	GlobalSection(SolutionConfigurationPlatforms) = preSolution
		Debug|x64 = Debug|x64
		Debug|x86 = Debug|x86
		Release|x64 = Release|x64
		Release|x86 = Release|x86
	EndGlobalSection
	GlobalSection(ProjectConfigurationPlatforms) = postSolution
		{1ED2E25E-4C59-4347-A25F-CF3004A1CE14}.Debug|x64.ActiveCfg = Debug|x64
		{1ED2E25E-4C59-4347-A25F-CF3004A1CE14}.Debug|x64.Build.0 = Debug|x64
		{1ED2E25E-4C59-4347-A25F-CF3004A1CE14}.Debug|x86.ActiveCfg = Debug|Win32
		{1ED2E25E-4C59-4347-A25F-CF3004A1CE14}.Debug|x86.Build.0 = Debug|Win32
		{1ED2E25E-4C59-4347-A25F-CF3004A1CE14}.Release|x64.ActiveCfg = Release|x64
		{1ED2E25E-4C59-4347-A25F-CF3004A1CE14}.Release|x64.Build.0 = Release|x64
		{1ED2E25E-4C59-4347-A25F-CF3004A1CE14}.Release|x86.ActiveCfg = Release|Win32
		{1ED2E25E-4C59-4347-A25F-CF3004A1CE14}.Release|x86.Build.0 = Release|Win32
		{EC902643-E268-4143-9397-D3B948C31853}.Debug|x64.ActiveCfg = Debug|x64
		{EC902643-E268-4143-9397-D3B948C31853}.Debug|x64.Build.0 = Debug|x64
		{EC902643-E268-4143-9397-D3B948C31853}.Debug|x86.ActiveCfg = Debug|Win32
		{EC902643-E268-4143-9397-D3B948C31853}.Debug|x86.Build.0 = Debug|Win32
		{EC902643-E268-4143-9397-D3B948C31853}.Release|x64.ActiveCfg = Release|x64
		{EC902643-E268-4143-9397-D3B948C31853}.Release|x64.Build.0 = Release|x64
		{EC902643-E268-4143-9397-D3B948C31853}.Release|x86.ActiveCfg = Release|Win32
		{EC902643-E268-4143-9397-D3B948C31853}.Release|x86.Build.0 = Release|Win32
		{8FDF79E6-1B8F-4782-9AB7-5AB447D4E1EA}.Debug|x64.ActiveCfg = Debug|x64
		{8FDF79E6-1B8F-4782-9AB7-5AB447D4E1EA}.Debug|x64.Build.0 = Debug|x64
		{8FDF79E6-1B8F-4782-9AB7-5AB447D4E1EA}.Debug|x86.ActiveCfg = Debug|Win32
		{8FDF79E6-1B8F-4782-9AB7-5AB447D4E1EA}.Debug|x86.Build.0 = Debug|Win32
		{8FDF79E6-1B8F-4782-9AB7-5AB447D4E1EA}.Release|x64.ActiveCfg = Release|x64
		{8FDF79E6-1B8F-4782-9AB7-5AB447D4E1EA}.Release|x64.Build.0 = Release|x64
		{8FDF79E6-1B8F-4782-9AB7-5AB447D4E1EA}.Release|x86.ActiveCfg = Release|Win32
		{8FDF79E6-1B8F-4782-9AB7-5AB447D4E1EA}.Release|x86.Build.0 = Release|Win32
		{89D7BCCD-25FA-499A-B493-D7050095B49A}.Debug|x64.ActiveCfg = Debug|x64
		{89D7BCCD-25FA-499A-B493-D7050095B49A}.Debug|x64.Build.0 = Debug|x64
		{89D7BCCD-25FA-499A-B493-D7050095B49A}.Debug|x86.ActiveCfg = Debug|Win32
		{89D7BCCD-25FA-499A-B493-D7050095B49A}.Debug|x86.Build.0 = Debug|Win32
		{89D7BCCD-25FA-499A-B493-D7050095B49A}.Release|x64.ActiveCfg = Release|x64
		{89D7BCCD-25FA-499A-B493-D7050095B49A}.Release|x64.Build.0 = Release|x64
		{89D7BCCD-25FA-499A-B493-D7050095B49A}.Release|x86.ActiveCfg = Release|Win32
		{89D7BCCD-25FA-499A-B493-D7050095B49A}.Release|x86.Build.0 = Release|Win32
		{340E2AEB-757E-43D4-B64E-CBF9C2C4D0DD}.Debug|x64.ActiveCfg = Debug|x64
		{340E2AEB-757E-43D4-B64E-CBF9C2C4D0DD}.Debug|x64.Build.0 = Debug|x64
		{340E2AEB-757E-43D4-B64E-CBF9C2C4D0DD}.Debug|x86.ActiveCfg = Debug|Win32
		{340E2AEB-757E-43D4-B64E-CBF9C2C4D0DD}.Debug|x86.Build.0 = Debug|Win32
		{340E2AEB-757E-43D4-B64E-CBF9C2C4D0DD}.Release|x64.ActiveCfg = Release|x64
		{340E2AEB-757E-43D4-B64E-CBF9C2C4D0DD}.Release|x64.Build.0 = Release|x64
		{340E2AEB-757E-43D4-B64E-CBF9C2C4D0DD}.Release|x86.ActiveCfg = Release|Win32
		{340E2AEB-757E-43D4-B64E-CBF9C2C4D0DD}.Release|x86.Build.0 = Release|Win32
		{12118C00-87E5-4541-8C98-75CFA4C961D3}.Debug|x64.ActiveCfg = Debug|x64
		{12118C00-87E5-4541-8C98-75CFA4C961D3}.Debug|x64.Build.0 = Debug|x64
		{12118C00-87E5-4541-8C98-75CFA4C961D3}.Debug|x86.ActiveCfg = Debug|Win32
		{12118C00-87E5-4541-8C98-75CFA4C961D3}.Debug|x86.Build.0 = Debug|Win32
		{12118C00-87E5-4541-8C98-75CFA4C961D3}.Release|x64.ActiveCfg = Release|x64
		{12118C00-87E5-4541-8C98-75CFA4C961D3}.Release|x64.Build.0 = Release|x64
		{12118C00-87E5-4541-8C98-75CFA4C961D3}.Release|x86.ActiveCfg = Release|Win32
		{12118C00-87E5-4541-8C98-75CFA4C961D3}.Release|x86.Build.0 = Release|Win32
	EndGlobalSection
	GlobalSection(SolutionProperties) = preSolution
		HideSolutionNode = FALSE
	EndGlobalSection
	GlobalSection(ExtensibilityGlobals) = postSolution
		SolutionGuid = {7C08D76E-F688-4E15-B659-B8415F943388}
	EndGlobalSection
EndGlobal
